
Microsoft Visual Studio Solution File, Format Version 12.00
# Visual Studio Version 17
VisualStudioVersion = 17.4.33205.214
MinimumVisualStudioVersion = 10.0.40219.1
Project("{FAE04EC0-301F-11D3-BF4B-00C04F79EFBC}") = "ClassBasics", "ClassBasics\ClassBasics.csproj", "{846B05EA-F4C7-4194-AEB3-E3B04D27BE01}"
EndProject
Global
	GlobalSection(SolutionConfigurationPlatforms) = preSolution
		Debug|Any CPU = Debug|Any CPU
		Release|Any CPU = Release|Any CPU
	EndGlobalSection
	GlobalSection(ProjectConfigurationPlatforms) = postSolution
		{846B05EA-F4C7-4194-AEB3-E3B04D27BE01}.Debug|Any CPU.ActiveCfg = Debug|Any CPU
		{846B05EA-F4C7-4194-AEB3-E3B04D27BE01}.Debug|Any CPU.Build.0 = Debug|Any CPU
		{846B05EA-F4C7-4194-AEB3-E3B04D27BE01}.Release|Any CPU.ActiveCfg = Release|Any CPU
		{846B05EA-F4C7-4194-AEB3-E3B04D27BE01}.Release|Any CPU.Build.0 = Release|Any CPU
	EndGlobalSection
	GlobalSection(SolutionProperties) = preSolution
		HideSolutionNode = FALSE
	EndGlobalSection
	GlobalSection(ExtensibilityGlobals) = postSolution
		SolutionGuid = {B8137162-531C-4E77-8D2A-CA991EDE8767}
	EndGlobalSection
EndGlobal
