
Microsoft Visual Studio Solution File, Format Version 12.00
# Visual Studio Version 17
VisualStudioVersion = 17.4.33205.214
MinimumVisualStudioVersion = 10.0.40219.1
Project("{FAE04EC0-301F-11D3-BF4B-00C04F79EFBC}") = "DigiMedicine", "DigiMedicine.csproj", "{DACD3E03-F653-4697-81DC-313A5F4FDD60}"
EndProject
Global
	GlobalSection(SolutionConfigurationPlatforms) = preSolution
		Debug|Any CPU = Debug|Any CPU
		Release|Any CPU = Release|Any CPU
	EndGlobalSection
	GlobalSection(ProjectConfigurationPlatforms) = postSolution
		{DACD3E03-F653-4697-81DC-313A5F4FDD60}.Debug|Any CPU.ActiveCfg = Debug|Any CPU
		{DACD3E03-F653-4697-81DC-313A5F4FDD60}.Debug|Any CPU.Build.0 = Debug|Any CPU
		{DACD3E03-F653-4697-81DC-313A5F4FDD60}.Release|Any CPU.ActiveCfg = Release|Any CPU
		{DACD3E03-F653-4697-81DC-313A5F4FDD60}.Release|Any CPU.Build.0 = Release|Any CPU
	EndGlobalSection
	GlobalSection(SolutionProperties) = preSolution
		HideSolutionNode = FALSE
	EndGlobalSection
	GlobalSection(ExtensibilityGlobals) = postSolution
		SolutionGuid = {7A4BB701-0CFB-4788-A031-6CBE2C681B33}
	EndGlobalSection
EndGlobal
