
Microsoft Visual Studio Solution File, Format Version 12.00
# Visual Studio Version 17
VisualStudioVersion = 17.4.33205.214
MinimumVisualStudioVersion = 10.0.40219.1
Project("{FAE04EC0-301F-11D3-BF4B-00C04F79EFBC}") = "Assign_5 Part 3", "Assign_5 Part 3.csproj", "{1A86334E-5A2C-4609-BE92-D83F7C1F2FBB}"
EndProject
Project("{9A19103F-16F7-4668-BE54-9A1E7A4F7556}") = "Assign_5 Part-2", "..\Assign_5 Part-2\Assign_5 Part-2.csproj", "{EFFE0DB5-3B72-4407-8731-DF16248AFE53}"
EndProject
Project("{9A19103F-16F7-4668-BE54-9A1E7A4F7556}") = "Assignment 5", "..\Day6\Assignment 5\Assignment 5.csproj", "{1BE559A9-9AA5-43BA-A43D-D9E2D43020D6}"
EndProject
Global
	GlobalSection(SolutionConfigurationPlatforms) = preSolution
		Debug|Any CPU = Debug|Any CPU
		Release|Any CPU = Release|Any CPU
	EndGlobalSection
	GlobalSection(ProjectConfigurationPlatforms) = postSolution
		{1A86334E-5A2C-4609-BE92-D83F7C1F2FBB}.Debug|Any CPU.ActiveCfg = Debug|Any CPU
		{1A86334E-5A2C-4609-BE92-D83F7C1F2FBB}.Debug|Any CPU.Build.0 = Debug|Any CPU
		{1A86334E-5A2C-4609-BE92-D83F7C1F2FBB}.Release|Any CPU.ActiveCfg = Release|Any CPU
		{1A86334E-5A2C-4609-BE92-D83F7C1F2FBB}.Release|Any CPU.Build.0 = Release|Any CPU
		{EFFE0DB5-3B72-4407-8731-DF16248AFE53}.Debug|Any CPU.ActiveCfg = Debug|Any CPU
		{EFFE0DB5-3B72-4407-8731-DF16248AFE53}.Debug|Any CPU.Build.0 = Debug|Any CPU
		{EFFE0DB5-3B72-4407-8731-DF16248AFE53}.Release|Any CPU.ActiveCfg = Release|Any CPU
		{EFFE0DB5-3B72-4407-8731-DF16248AFE53}.Release|Any CPU.Build.0 = Release|Any CPU
		{1BE559A9-9AA5-43BA-A43D-D9E2D43020D6}.Debug|Any CPU.ActiveCfg = Debug|Any CPU
		{1BE559A9-9AA5-43BA-A43D-D9E2D43020D6}.Debug|Any CPU.Build.0 = Debug|Any CPU
		{1BE559A9-9AA5-43BA-A43D-D9E2D43020D6}.Release|Any CPU.ActiveCfg = Release|Any CPU
		{1BE559A9-9AA5-43BA-A43D-D9E2D43020D6}.Release|Any CPU.Build.0 = Release|Any CPU
	EndGlobalSection
	GlobalSection(SolutionProperties) = preSolution
		HideSolutionNode = FALSE
	EndGlobalSection
	GlobalSection(ExtensibilityGlobals) = postSolution
		SolutionGuid = {F2C99FC0-578F-4332-BC44-546AC678FCB6}
	EndGlobalSection
EndGlobal
